<?xml version="1.0" encoding="UTF-8"?>
<Scheme
   LastUpgradeVersion = "1140"
   version = "1.3">
   <BuildAction
      parallelizeBuildables = "YES"
      buildImplicitDependencies = "YES">
      <BuildActionEntries>
         <BuildActionEntry
            buildForTesting = "YES"
            buildForRunning = "YES"
            buildForProfiling = "YES"
            buildForArchiving = "YES"
            buildForAnalyzing = "YES">
            <BuildableReference
               BuildableIdentifier = "primary"
               BlueprintIdentifier = "3339DA5F24636D1E001CC492"
               BuildableName = "Top Albums.app"
               BlueprintName = "Top Albums"
               ReferencedContainer = "container:Top Albums.xcodeproj">
            </BuildableReference>
         </BuildActionEntry>
      </BuildActionEntries>
   </BuildAction>
   <TestAction
      buildConfiguration = "Debug"
      selectedDebuggerIdentifier = "Xcode.DebuggerFoundation.Debugger.LLDB"
      selectedLauncherIdentifier = "Xcode.DebuggerFoundation.Launcher.LLDB"
      shouldUseLaunchSchemeArgsEnv = "NO"
      codeCoverageEnabled = "YES"
      onlyGenerateCoverageForSpecifiedTargets = "YES">
      <CommandLineArguments>
         <CommandLineArgument
            argument = "-TESTING true"
            isEnabled = "YES">
         </CommandLineArgument>
      </CommandLineArguments>
      <EnvironmentVariables>
         <EnvironmentVariable
            key = "MockBlockPointer"
            value = "{\&quot;location\&quot;:\&quot;file:\\/\\/\\/Users\\/mredig\\/Library\\/Developer\\/CoreSimulator\\/Devices\\/C1BF4BDC-F803-4CA7-BA5B-5EEFCBAABDC1\\/data\\/Containers\\/Data\\/Application\\/A490EE76-6387-412D-9DBE-DBA7C201E13F\\/tmp\\/mockblock.json\&quot;}"
            isEnabled = "YES">
         </EnvironmentVariable>
      </EnvironmentVariables>
      <CodeCoverageTargets>
         <BuildableReference
            BuildableIdentifier = "primary"
            BlueprintIdentifier = "3339DA5F24636D1E001CC492"
            BuildableName = "Top Albums.app"
            BlueprintName = "Top Albums"
            ReferencedContainer = "container:Top Albums.xcodeproj">
         </BuildableReference>
      </CodeCoverageTargets>
      <Testables>
         <TestableReference
            skipped = "NO">
            <BuildableReference
               BuildableIdentifier = "primary"
               BlueprintIdentifier = "33B2156C24637D7700CA64ED"
               BuildableName = "Top AlbumsTests.xctest"
               BlueprintName = "Top AlbumsTests"
               ReferencedContainer = "container:Top Albums.xcodeproj">
            </BuildableReference>
         </TestableReference>
         <TestableReference
            skipped = "NO">
            <BuildableReference
               BuildableIdentifier = "primary"
               BlueprintIdentifier = "33429F6024679C4100BE08D5"
               BuildableName = "Top AlbumsUITests.xctest"
               BlueprintName = "Top AlbumsUITests"
               ReferencedContainer = "container:Top Albums.xcodeproj">
            </BuildableReference>
         </TestableReference>
      </Testables>
   </TestAction>
   <LaunchAction
      buildConfiguration = "Debug"
      selectedDebuggerIdentifier = "Xcode.DebuggerFoundation.Debugger.LLDB"
      selectedLauncherIdentifier = "Xcode.DebuggerFoundation.Launcher.LLDB"
      launchStyle = "0"
      useCustomWorkingDirectory = "NO"
      ignoresPersistentStateOnLaunch = "NO"
      debugDocumentVersioning = "YES"
      debugServiceExtension = "internal"
      allowLocationSimulation = "YES">
      <BuildableProductRunnable
         runnableDebuggingMode = "0">
         <BuildableReference
            BuildableIdentifier = "primary"
            BlueprintIdentifier = "3339DA5F24636D1E001CC492"
            BuildableName = "Top Albums.app"
            BlueprintName = "Top Albums"
            ReferencedContainer = "container:Top Albums.xcodeproj">
         </BuildableReference>
      </BuildableProductRunnable>
      <EnvironmentVariables>
         <EnvironmentVariable
            key = "MockBlockPointer"
            value = "{&quot;location&quot;:&quot;file:\/\/\/Users\/mredig\/Library\/Developer\/CoreSimulator\/Devices\/C1BF4BDC-F803-4CA7-BA5B-5EEFCBAABDC1\/data\/Containers\/Data\/Application\/78AD1341-AB4C-415F-BE10-6E20F60D89A8\/tmp\/mockblock.json&quot;}&#10;"
            isEnabled = "NO">
         </EnvironmentVariable>
      </EnvironmentVariables>
   </LaunchAction>
   <ProfileAction
      buildConfiguration = "Release"
      shouldUseLaunchSchemeArgsEnv = "YES"
      savedToolIdentifier = ""
      useCustomWorkingDirectory = "NO"
      debugDocumentVersioning = "YES">
      <BuildableProductRunnable
         runnableDebuggingMode = "0">
         <BuildableReference
            BuildableIdentifier = "primary"
            BlueprintIdentifier = "3339DA5F24636D1E001CC492"
            BuildableName = "Top Albums.app"
            BlueprintName = "Top Albums"
            ReferencedContainer = "container:Top Albums.xcodeproj">
         </BuildableReference>
      </BuildableProductRunnable>
   </ProfileAction>
   <AnalyzeAction
      buildConfiguration = "Debug">
   </AnalyzeAction>
   <ArchiveAction
      buildConfiguration = "Release"
      revealArchiveInOrganizer = "YES">
   </ArchiveAction>
</Scheme>
